// !$*UTF8*$!
{
	archiveVersion = 1;
	classes = {
	};
	objectVersion = 56;
	objects = {

/* Begin PBXBuildFile section */
		1A000001000000000000000A /* AppexSaverApp.swift in Sources */ = {isa = PBXBuildFile; fileRef = 1A000001000000000000000B /* AppexSaverApp.swift */; };
		1A000002000000000000000A /* ContentView.swift in Sources */ = {isa = PBXBuildFile; fileRef = 1A000002000000000000000B /* ContentView.swift */; };
		1A000003000000000000000A /* AppexSaverExtension.swift in Sources */ = {isa = PBXBuildFile; fileRef = 1A000003000000000000000B /* AppexSaverExtension.swift */; };
		1A000004000000000000000A /* AppexSaverViewController.swift in Sources */ = {isa = PBXBuildFile; fileRef = 1A000004000000000000000B /* AppexSaverViewController.swift */; };
		1A000005000000000000000A /* AppexSaverView.swift in Sources */ = {isa = PBXBuildFile; fileRef = 1A000005000000000000000B /* AppexSaverView.swift */; };
		1A000006000000000000000A /* ScreenSaver.framework in Frameworks */ = {isa = PBXBuildFile; fileRef = 1A000006000000000000000B /* ScreenSaver.framework */; };
		1A000007000000000000000A /* AppexSaverExtension.appex in Embed PlugIns */ = {isa = PBXBuildFile; fileRef = 1A000007000000000000000B /* AppexSaverExtension.appex */; settings = {ATTRIBUTES = (RemoveHeadersOnCopy, ); }; };
		1A000030000000000000000A /* AppexSaverConfigurationViewController.swift in Sources */ = {isa = PBXBuildFile; fileRef = 1A000030000000000000000B /* AppexSaverConfigurationViewController.swift */; };
		1A000031000000000000000A /* Assets.xcassets in Resources */ = {isa = PBXBuildFile; fileRef = 1A000031000000000000000B /* Assets.xcassets */; };
		1A000032000000000000000A /* PluginManager.swift in Sources */ = {isa = PBXBuildFile; fileRef = 1A000032000000000000000B /* PluginManager.swift */; };
		1A000060000000000000000A /* RainbowAnimator.swift in Sources */ = {isa = PBXBuildFile; fileRef = 1A000060000000000000000B /* RainbowAnimator.swift */; };
		1A000061000000000000000A /* RainbowAnimator.swift in Sources */ = {isa = PBXBuildFile; fileRef = 1A000060000000000000000B /* RainbowAnimator.swift */; };
		1A000062000000000000000A /* PreviewView.swift in Sources */ = {isa = PBXBuildFile; fileRef = 1A000062000000000000000B /* PreviewView.swift */; };
		1A000063000000000000000A /* PreviewViewRepresentable.swift in Sources */ = {isa = PBXBuildFile; fileRef = 1A000063000000000000000B /* PreviewViewRepresentable.swift */; };
/* End PBXBuildFile section */

/* Begin PBXContainerItemProxy section */
		1A000008000000000000000A /* PBXContainerItemProxy */ = {
			isa = PBXContainerItemProxy;
			containerPortal = 1A000000000000000000000A /* Project object */;
			proxyType = 1;
			remoteGlobalIDString = 1A000010000000000000000A;
			remoteInfo = AppexSaverExtension;
		};
/* End PBXContainerItemProxy section */

/* Begin PBXCopyFilesBuildPhase section */
		1A000009000000000000000A /* Embed PlugIns */ = {
			isa = PBXCopyFilesBuildPhase;
			buildActionMask = 2147483647;
			dstPath = "";
			dstSubfolderSpec = 13;
			files = (
				1A000007000000000000000A /* AppexSaverExtension.appex in Embed PlugIns */,
			);
			name = "Embed PlugIns";
			runOnlyForDeploymentPostprocessing = 0;
		};
/* End PBXCopyFilesBuildPhase section */

/* Begin PBXFileReference section */
		1A000001000000000000000B /* AppexSaverApp.swift */ = {isa = PBXFileReference; lastKnownFileType = sourcecode.swift; path = AppexSaverApp.swift; sourceTree = "<group>"; };
		1A000002000000000000000B /* ContentView.swift */ = {isa = PBXFileReference; lastKnownFileType = sourcecode.swift; path = ContentView.swift; sourceTree = "<group>"; };
		1A000003000000000000000B /* AppexSaverExtension.swift */ = {isa = PBXFileReference; lastKnownFileType = sourcecode.swift; path = AppexSaverExtension.swift; sourceTree = "<group>"; };
		1A000004000000000000000B /* AppexSaverViewController.swift */ = {isa = PBXFileReference; lastKnownFileType = sourcecode.swift; path = AppexSaverViewController.swift; sourceTree = "<group>"; };
		1A000005000000000000000B /* AppexSaverView.swift */ = {isa = PBXFileReference; lastKnownFileType = sourcecode.swift; path = AppexSaverView.swift; sourceTree = "<group>"; };
		1A000006000000000000000B /* ScreenSaver.framework */ = {isa = PBXFileReference; lastKnownFileType = wrapper.framework; name = ScreenSaver.framework; path = System/Library/Frameworks/ScreenSaver.framework; sourceTree = SDKROOT; };
		1A000007000000000000000B /* AppexSaverExtension.appex */ = {isa = PBXFileReference; explicitFileType = "wrapper.app-extension"; includeInIndex = 0; path = AppexSaverExtension.appex; sourceTree = BUILT_PRODUCTS_DIR; };
		1A00000A000000000000000B /* Info.plist */ = {isa = PBXFileReference; lastKnownFileType = text.plist.xml; path = Info.plist; sourceTree = "<group>"; };
		1A00000B000000000000000B /* AppexSaver.entitlements */ = {isa = PBXFileReference; lastKnownFileType = text.plist.entitlements; path = AppexSaver.entitlements; sourceTree = "<group>"; };
		1A00000C000000000000000B /* AppexSaver.app */ = {isa = PBXFileReference; explicitFileType = wrapper.application; includeInIndex = 0; path = AppexSaver.app; sourceTree = BUILT_PRODUCTS_DIR; };
		1A00000D000000000000000B /* ScreenSaverPrivate.h */ = {isa = PBXFileReference; lastKnownFileType = sourcecode.c.h; path = ScreenSaverPrivate.h; sourceTree = "<group>"; };
		1A00000E000000000000000B /* AppexSaverExtension-Bridging-Header.h */ = {isa = PBXFileReference; lastKnownFileType = sourcecode.c.h; path = "AppexSaverExtension-Bridging-Header.h"; sourceTree = "<group>"; };
		1A00000F000000000000000B /* Info.plist */ = {isa = PBXFileReference; lastKnownFileType = text.plist.xml; path = Info.plist; sourceTree = "<group>"; };
		1A000011000000000000000B /* AppexSaverExtension.entitlements */ = {isa = PBXFileReference; lastKnownFileType = text.plist.entitlements; path = AppexSaverExtension.entitlements; sourceTree = "<group>"; };
		1A000030000000000000000B /* AppexSaverConfigurationViewController.swift */ = {isa = PBXFileReference; lastKnownFileType = sourcecode.swift; path = AppexSaverConfigurationViewController.swift; sourceTree = "<group>"; };
		1A000031000000000000000B /* Assets.xcassets */ = {isa = PBXFileReference; lastKnownFileType = folder.assetcatalog; path = Assets.xcassets; sourceTree = "<group>"; };
		1A000032000000000000000B /* PluginManager.swift */ = {isa = PBXFileReference; lastKnownFileType = sourcecode.swift; path = PluginManager.swift; sourceTree = "<group>"; };
		1A000050000000000000000B /* BuildNumber.xcconfig */ = {isa = PBXFileReference; lastKnownFileType = text.xcconfig; path = BuildNumber.xcconfig; sourceTree = "<group>"; };
		1A000060000000000000000B /* RainbowAnimator.swift */ = {isa = PBXFileReference; lastKnownFileType = sourcecode.swift; path = RainbowAnimator.swift; sourceTree = "<group>"; };
		1A000062000000000000000B /* PreviewView.swift */ = {isa = PBXFileReference; lastKnownFileType = sourcecode.swift; path = PreviewView.swift; sourceTree = "<group>"; };
		1A000063000000000000000B /* PreviewViewRepresentable.swift */ = {isa = PBXFileReference; lastKnownFileType = sourcecode.swift; path = PreviewViewRepresentable.swift; sourceTree = "<group>"; };
/* End PBXFileReference section */

/* Begin PBXFrameworksBuildPhase section */
		1A000012000000000000000A /* Frameworks */ = {
			isa = PBXFrameworksBuildPhase;
			buildActionMask = 2147483647;
			files = (
			);
			runOnlyForDeploymentPostprocessing = 0;
		};
		1A000013000000000000000A /* Frameworks */ = {
			isa = PBXFrameworksBuildPhase;
			buildActionMask = 2147483647;
			files = (
				1A000006000000000000000A /* ScreenSaver.framework in Frameworks */,
			);
			runOnlyForDeploymentPostprocessing = 0;
		};
/* End PBXFrameworksBuildPhase section */

/* Begin PBXGroup section */
		1A000014000000000000000C = {
			isa = PBXGroup;
			children = (
				1A000050000000000000000B /* BuildNumber.xcconfig */,
				1A000015000000000000000C /* AppexSaver */,
				1A000016000000000000000C /* AppexSaverExtension */,
				1A000017000000000000000C /* Frameworks */,
				1A000018000000000000000C /* Products */,
			);
			sourceTree = "<group>";
		};
		1A000015000000000000000C /* AppexSaver */ = {
			isa = PBXGroup;
			children = (
				1A000001000000000000000B /* AppexSaverApp.swift */,
				1A000002000000000000000B /* ContentView.swift */,
				1A000032000000000000000B /* PluginManager.swift */,
				1A000060000000000000000B /* RainbowAnimator.swift */,
				1A000062000000000000000B /* PreviewView.swift */,
				1A000063000000000000000B /* PreviewViewRepresentable.swift */,
				1A00000A000000000000000B /* Info.plist */,
				1A00000B000000000000000B /* AppexSaver.entitlements */,
			);
			path = AppexSaver;
			sourceTree = "<group>";
		};
		1A000016000000000000000C /* AppexSaverExtension */ = {
			isa = PBXGroup;
			children = (
				1A000019000000000000000C /* PrivateHeaders */,
				1A000003000000000000000B /* AppexSaverExtension.swift */,
				1A000004000000000000000B /* AppexSaverViewController.swift */,
				1A000005000000000000000B /* AppexSaverView.swift */,
				1A000030000000000000000B /* AppexSaverConfigurationViewController.swift */,
				1A000031000000000000000B /* Assets.xcassets */,
				1A00000E000000000000000B /* AppexSaverExtension-Bridging-Header.h */,
				1A00000F000000000000000B /* Info.plist */,
				1A000011000000000000000B /* AppexSaverExtension.entitlements */,
			);
			path = AppexSaverExtension;
			sourceTree = "<group>";
		};
		1A000017000000000000000C /* Frameworks */ = {
			isa = PBXGroup;
			children = (
				1A000006000000000000000B /* ScreenSaver.framework */,
			);
			name = Frameworks;
			sourceTree = "<group>";
		};
		1A000018000000000000000C /* Products */ = {
			isa = PBXGroup;
			children = (
				1A00000C000000000000000B /* AppexSaver.app */,
				1A000007000000000000000B /* AppexSaverExtension.appex */,
			);
			name = Products;
			sourceTree = "<group>";
		};
		1A000019000000000000000C /* PrivateHeaders */ = {
			isa = PBXGroup;
			children = (
				1A00000D000000000000000B /* ScreenSaverPrivate.h */,
			);
			path = PrivateHeaders;
			sourceTree = "<group>";
		};
/* End PBXGroup section */

/* Begin PBXNativeTarget section */
		1A000010000000000000000A /* AppexSaverExtension */ = {
			isa = PBXNativeTarget;
			buildConfigurationList = 1A00001F000000000000000A /* Build configuration list for PBXNativeTarget "AppexSaverExtension" */;
			buildPhases = (
				1A000020000000000000000A /* Sources */,
				1A000013000000000000000A /* Frameworks */,
				1A000021000000000000000A /* Resources */,
			);
			buildRules = (
			);
			dependencies = (
			);
			name = AppexSaverExtension;
			productName = AppexSaverExtension;
			productReference = 1A000007000000000000000B /* AppexSaverExtension.appex */;
			productType = "com.apple.product-type.app-extension";
		};
		1A00001A000000000000000A /* AppexSaver */ = {
			isa = PBXNativeTarget;
			buildConfigurationList = 1A00001B000000000000000A /* Build configuration list for PBXNativeTarget "AppexSaver" */;
			buildPhases = (
				1A00001C000000000000000A /* Sources */,
				1A000012000000000000000A /* Frameworks */,
				1A00001D000000000000000A /* Resources */,
				1A000009000000000000000A /* Embed PlugIns */,
				1A000042000000000000000A /* Register Extensions */,
			);
			buildRules = (
			);
			dependencies = (
				1A00001E000000000000000A /* PBXTargetDependency */,
			);
			name = AppexSaver;
			productName = AppexSaver;
			productReference = 1A00000C000000000000000B /* AppexSaver.app */;
			productType = "com.apple.product-type.application";
		};
/* End PBXNativeTarget section */

/* Begin PBXProject section */
		1A000000000000000000000A /* Project object */ = {
			isa = PBXProject;
			attributes = {
				BuildIndependentTargetsInParallel = 1;
				LastSwiftUpdateCheck = 1500;
				LastUpgradeCheck = 1500;
				TargetAttributes = {
					1A000010000000000000000A = {
						CreatedOnToolsVersion = 15.0;
					};
					1A00001A000000000000000A = {
						CreatedOnToolsVersion = 15.0;
					};
				};
			};
			buildConfigurationList = 1A000022000000000000000A /* Build configuration list for PBXProject "AppexSaver" */;
			compatibilityVersion = "Xcode 14.0";
			developmentRegion = en;
			hasScannedForEncodings = 0;
			knownRegions = (
				en,
				Base,
			);
			mainGroup = 1A000014000000000000000C;
			productRefGroup = 1A000018000000000000000C /* Products */;
			projectDirPath = "";
			projectRoot = "";
			targets = (
				1A00001A000000000000000A /* AppexSaver */,
				1A000010000000000000000A /* AppexSaverExtension */,
			);
		};
/* End PBXProject section */

/* Begin PBXResourcesBuildPhase section */
		1A00001D000000000000000A /* Resources */ = {
			isa = PBXResourcesBuildPhase;
			buildActionMask = 2147483647;
			files = (
			);
			runOnlyForDeploymentPostprocessing = 0;
		};
		1A000021000000000000000A /* Resources */ = {
			isa = PBXResourcesBuildPhase;
			buildActionMask = 2147483647;
			files = (
				1A000031000000000000000A /* Assets.xcassets in Resources */,
			);
			runOnlyForDeploymentPostprocessing = 0;
		};
/* End PBXResourcesBuildPhase section */

/* Begin PBXShellScriptBuildPhase section */
		1A000042000000000000000A /* Register Extensions */ = {
			isa = PBXShellScriptBuildPhase;
			buildActionMask = 2147483647;
			files = (
			);
			inputFileListPaths = (
			);
			inputPaths = (
			);
			name = "Register Extensions";
			outputFileListPaths = (
			);
			outputPaths = (
			);
			runOnlyForDeploymentPostprocessing = 0;
			shellPath = /bin/sh;
			shellScript = "find \"$CODESIGNING_FOLDER_PATH\" -name '*.appex' -exec pluginkit -a {} \\;\n";
		};
/* End PBXShellScriptBuildPhase section */

/* Begin PBXSourcesBuildPhase section */
		1A00001C000000000000000A /* Sources */ = {
			isa = PBXSourcesBuildPhase;
			buildActionMask = 2147483647;
			files = (
				1A000001000000000000000A /* AppexSaverApp.swift in Sources */,
				1A000002000000000000000A /* ContentView.swift in Sources */,
				1A000032000000000000000A /* PluginManager.swift in Sources */,
				1A000060000000000000000A /* RainbowAnimator.swift in Sources */,
				1A000062000000000000000A /* PreviewView.swift in Sources */,
				1A000063000000000000000A /* PreviewViewRepresentable.swift in Sources */,
			);
			runOnlyForDeploymentPostprocessing = 0;
		};
		1A000020000000000000000A /* Sources */ = {
			isa = PBXSourcesBuildPhase;
			buildActionMask = 2147483647;
			files = (
				1A000003000000000000000A /* AppexSaverExtension.swift in Sources */,
				1A000004000000000000000A /* AppexSaverViewController.swift in Sources */,
				1A000005000000000000000A /* AppexSaverView.swift in Sources */,
				1A000030000000000000000A /* AppexSaverConfigurationViewController.swift in Sources */,
				1A000061000000000000000A /* RainbowAnimator.swift in Sources */,
			);
			runOnlyForDeploymentPostprocessing = 0;
		};
/* End PBXSourcesBuildPhase section */

/* Begin PBXTargetDependency section */
		1A00001E000000000000000A /* PBXTargetDependency */ = {
			isa = PBXTargetDependency;
			target = 1A000010000000000000000A /* AppexSaverExtension */;
			targetProxy = 1A000008000000000000000A /* PBXContainerItemProxy */;
		};
/* End PBXTargetDependency section */

/* Begin XCBuildConfiguration section */
		1A000023000000000000000A /* Debug */ = {
			isa = XCBuildConfiguration;
			baseConfigurationReference = 1A000050000000000000000B /* BuildNumber.xcconfig */;
			buildSettings = {
				ALWAYS_SEARCH_USER_PATHS = NO;
				ASSETCATALOG_COMPILER_GENERATE_SWIFT_ASSET_SYMBOL_EXTENSIONS = YES;
				CLANG_ANALYZER_NONNULL = YES;
				CLANG_ANALYZER_NUMBER_OBJECT_CONVERSION = YES_AGGRESSIVE;
				CLANG_CXX_LANGUAGE_STANDARD = "gnu++20";
				CLANG_ENABLE_MODULES = YES;
				CLANG_ENABLE_OBJC_ARC = YES;
				CLANG_ENABLE_OBJC_WEAK = YES;
				CLANG_WARN_BLOCK_CAPTURE_AUTORELEASING = YES;
				CLANG_WARN_BOOL_CONVERSION = YES;
				CLANG_WARN_COMMA = YES;
				CLANG_WARN_CONSTANT_CONVERSION = YES;
				CLANG_WARN_DEPRECATED_OBJC_IMPLEMENTATIONS = YES;
				CLANG_WARN_DIRECT_OBJC_ISA_USAGE = YES_ERROR;
				CLANG_WARN_DOCUMENTATION_COMMENTS = YES;
				CLANG_WARN_EMPTY_BODY = YES;
				CLANG_WARN_ENUM_CONVERSION = YES;
				CLANG_WARN_INFINITE_RECURSION = YES;
				CLANG_WARN_INT_CONVERSION = YES;
				CLANG_WARN_NON_LITERAL_NULL_CONVERSION = YES;
				CLANG_WARN_OBJC_IMPLICIT_RETAIN_SELF = YES;
				CLANG_WARN_OBJC_LITERAL_CONVERSION = YES;
				CLANG_WARN_OBJC_ROOT_CLASS = YES_ERROR;
				CLANG_WARN_QUOTED_INCLUDE_IN_FRAMEWORK_HEADER = YES;
				CLANG_WARN_RANGE_LOOP_ANALYSIS = YES;
				CLANG_WARN_STRICT_PROTOTYPES = YES;
				CLANG_WARN_SUSPICIOUS_MOVE = YES;
				CLANG_WARN_UNGUARDED_AVAILABILITY = YES_AGGRESSIVE;
				CLANG_WARN_UNREACHABLE_CODE = YES;
				CLANG_WARN__DUPLICATE_METHOD_MATCH = YES;
				COPY_PHASE_STRIP = NO;
				DEBUG_INFORMATION_FORMAT = dwarf;
				ENABLE_STRICT_OBJC_MSGSEND = YES;
				ENABLE_TESTABILITY = YES;
				ENABLE_USER_SCRIPT_SANDBOXING = NO;
				GCC_C_LANGUAGE_STANDARD = gnu17;
				GCC_DYNAMIC_NO_PIC = NO;
				GCC_NO_COMMON_BLOCKS = YES;
				GCC_OPTIMIZATION_LEVEL = 0;
				GCC_PREPROCESSOR_DEFINITIONS = (
					"DEBUG=1",
					"$(inherited)",
				);
				GCC_WARN_64_TO_32_BIT_CONVERSION = YES;
				GCC_WARN_ABOUT_RETURN_TYPE = YES_ERROR;
				GCC_WARN_UNDECLARED_SELECTOR = YES;
				GCC_WARN_UNINITIALIZED_AUTOS = YES_AGGRESSIVE;
				GCC_WARN_UNUSED_FUNCTION = YES;
				GCC_WARN_UNUSED_VARIABLE = YES;
				LOCALIZATION_PREFERS_STRING_CATALOGS = YES;
				MACOSX_DEPLOYMENT_TARGET = 14.0;
				MTL_ENABLE_DEBUG_INFO = INCLUDE_SOURCE;
				MTL_FAST_MATH = YES;
				ONLY_ACTIVE_ARCH = YES;
				SDKROOT = macosx;
				SWIFT_ACTIVE_COMPILATION_CONDITIONS = "DEBUG $(inherited)";
				SWIFT_OPTIMIZATION_LEVEL = "-Onone";
			};
			name = Debug;
		};
		1A000024000000000000000A /* Release */ = {
			isa = XCBuildConfiguration;
			baseConfigurationReference = 1A000050000000000000000B /* BuildNumber.xcconfig */;
			buildSettings = {
				ALWAYS_SEARCH_USER_PATHS = NO;
				ASSETCATALOG_COMPILER_GENERATE_SWIFT_ASSET_SYMBOL_EXTENSIONS = YES;
				CLANG_ANALYZER_NONNULL = YES;
				CLANG_ANALYZER_NUMBER_OBJECT_CONVERSION = YES_AGGRESSIVE;
				CLANG_CXX_LANGUAGE_STANDARD = "gnu++20";
				CLANG_ENABLE_MODULES = YES;
				CLANG_ENABLE_OBJC_ARC = YES;
				CLANG_ENABLE_OBJC_WEAK = YES;
				CLANG_WARN_BLOCK_CAPTURE_AUTORELEASING = YES;
				CLANG_WARN_BOOL_CONVERSION = YES;
				CLANG_WARN_COMMA = YES;
				CLANG_WARN_CONSTANT_CONVERSION = YES;
				CLANG_WARN_DEPRECATED_OBJC_IMPLEMENTATIONS = YES;
				CLANG_WARN_DIRECT_OBJC_ISA_USAGE = YES_ERROR;
				CLANG_WARN_DOCUMENTATION_COMMENTS = YES;
				CLANG_WARN_EMPTY_BODY = YES;
				CLANG_WARN_ENUM_CONVERSION = YES;
				CLANG_WARN_INFINITE_RECURSION = YES;
				CLANG_WARN_INT_CONVERSION = YES;
				CLANG_WARN_NON_LITERAL_NULL_CONVERSION = YES;
				CLANG_WARN_OBJC_IMPLICIT_RETAIN_SELF = YES;
				CLANG_WARN_OBJC_LITERAL_CONVERSION = YES;
				CLANG_WARN_OBJC_ROOT_CLASS = YES_ERROR;
				CLANG_WARN_QUOTED_INCLUDE_IN_FRAMEWORK_HEADER = YES;
				CLANG_WARN_RANGE_LOOP_ANALYSIS = YES;
				CLANG_WARN_STRICT_PROTOTYPES = YES;
				CLANG_WARN_SUSPICIOUS_MOVE = YES;
				CLANG_WARN_UNGUARDED_AVAILABILITY = YES_AGGRESSIVE;
				CLANG_WARN_UNREACHABLE_CODE = YES;
				CLANG_WARN__DUPLICATE_METHOD_MATCH = YES;
				COPY_PHASE_STRIP = NO;
				DEBUG_INFORMATION_FORMAT = "dwarf-with-dsym";
				ENABLE_NS_ASSERTIONS = NO;
				ENABLE_STRICT_OBJC_MSGSEND = YES;
				ENABLE_USER_SCRIPT_SANDBOXING = NO;
				GCC_C_LANGUAGE_STANDARD = gnu17;
				GCC_NO_COMMON_BLOCKS = YES;
				GCC_WARN_64_TO_32_BIT_CONVERSION = YES;
				GCC_WARN_ABOUT_RETURN_TYPE = YES_ERROR;
				GCC_WARN_UNDECLARED_SELECTOR = YES;
				GCC_WARN_UNINITIALIZED_AUTOS = YES_AGGRESSIVE;
				GCC_WARN_UNUSED_FUNCTION = YES;
				GCC_WARN_UNUSED_VARIABLE = YES;
				LOCALIZATION_PREFERS_STRING_CATALOGS = YES;
				MACOSX_DEPLOYMENT_TARGET = 14.0;
				MTL_ENABLE_DEBUG_INFO = NO;
				MTL_FAST_MATH = YES;
				SDKROOT = macosx;
				SWIFT_COMPILATION_MODE = wholemodule;
			};
			name = Release;
		};
		1A000025000000000000000A /* Debug */ = {
			isa = XCBuildConfiguration;
			buildSettings = {
				ASSETCATALOG_COMPILER_APPICON_NAME = AppIcon;
				ASSETCATALOG_COMPILER_GLOBAL_ACCENT_COLOR_NAME = AccentColor;
				CODE_SIGN_ENTITLEMENTS = AppexSaver/AppexSaver.entitlements;
				CODE_SIGN_STYLE = Automatic;
				COMBINE_HIDPI_IMAGES = YES;
				DEVELOPMENT_TEAM = 3L54M5L5KK;
				ENABLE_HARDENED_RUNTIME = YES;
				ENABLE_USER_SCRIPT_SANDBOXING = NO;
				GENERATE_INFOPLIST_FILE = NO;
				INFOPLIST_FILE = AppexSaver/Info.plist;
				INFOPLIST_KEY_NSHumanReadableCopyright = "";
				INFOPLIST_KEY_NSPrincipalClass = NSApplication;
				LD_RUNPATH_SEARCH_PATHS = (
					"$(inherited)",
					"@executable_path/../Frameworks",
				);
				MARKETING_VERSION = 1.0;
				PRODUCT_BUNDLE_IDENTIFIER = com.glouel.screensaver.AppexSaver;
				PRODUCT_NAME = "$(TARGET_NAME)";
				SWIFT_EMIT_LOC_STRINGS = YES;
				SWIFT_VERSION = 5.0;
			};
			name = Debug;
		};
		1A000026000000000000000A /* Release */ = {
			isa = XCBuildConfiguration;
			buildSettings = {
				ASSETCATALOG_COMPILER_APPICON_NAME = AppIcon;
				ASSETCATALOG_COMPILER_GLOBAL_ACCENT_COLOR_NAME = AccentColor;
				CODE_SIGN_ENTITLEMENTS = AppexSaver/AppexSaver.entitlements;
				CODE_SIGN_STYLE = Automatic;
				COMBINE_HIDPI_IMAGES = YES;
				DEVELOPMENT_TEAM = 3L54M5L5KK;
				ENABLE_HARDENED_RUNTIME = YES;
				ENABLE_USER_SCRIPT_SANDBOXING = NO;
				GENERATE_INFOPLIST_FILE = NO;
				INFOPLIST_FILE = AppexSaver/Info.plist;
				INFOPLIST_KEY_NSHumanReadableCopyright = "";
				INFOPLIST_KEY_NSPrincipalClass = NSApplication;
				LD_RUNPATH_SEARCH_PATHS = (
					"$(inherited)",
					"@executable_path/../Frameworks",
				);
				MARKETING_VERSION = 1.0;
				PRODUCT_BUNDLE_IDENTIFIER = com.glouel.screensaver.AppexSaver;
				PRODUCT_NAME = "$(TARGET_NAME)";
				SWIFT_EMIT_LOC_STRINGS = YES;
				SWIFT_VERSION = 5.0;
			};
			name = Release;
		};
		1A000027000000000000000A /* Debug */ = {
			isa = XCBuildConfiguration;
			buildSettings = {
				CODE_SIGN_ENTITLEMENTS = AppexSaverExtension/AppexSaverExtension.entitlements;
				CODE_SIGN_STYLE = Automatic;
				DEVELOPMENT_TEAM = 3L54M5L5KK;
				ENABLE_USER_SCRIPT_SANDBOXING = NO;
				GENERATE_INFOPLIST_FILE = NO;
				INFOPLIST_FILE = AppexSaverExtension/Info.plist;
				INFOPLIST_KEY_CFBundleDisplayName = "Appex Saver";
				INFOPLIST_KEY_NSHumanReadableCopyright = "";
				LD_RUNPATH_SEARCH_PATHS = (
					"$(inherited)",
					"@executable_path/../Frameworks",
					"@executable_path/../../../../Frameworks",
				);
				MARKETING_VERSION = 1.0;
				PRODUCT_BUNDLE_IDENTIFIER = com.glouel.screensaver.AppexSaver.AppexSaverExtension;
				PRODUCT_NAME = "$(TARGET_NAME)";
				SKIP_INSTALL = YES;
				SWIFT_EMIT_LOC_STRINGS = YES;
				SWIFT_OBJC_BRIDGING_HEADER = "AppexSaverExtension/AppexSaverExtension-Bridging-Header.h";
				SWIFT_VERSION = 5.0;
			};
			name = Debug;
		};
		1A000028000000000000000A /* Release */ = {
			isa = XCBuildConfiguration;
			buildSettings = {
				CODE_SIGN_ENTITLEMENTS = AppexSaverExtension/AppexSaverExtension.entitlements;
				CODE_SIGN_STYLE = Automatic;
				DEVELOPMENT_TEAM = 3L54M5L5KK;
				ENABLE_USER_SCRIPT_SANDBOXING = NO;
				GENERATE_INFOPLIST_FILE = NO;
				INFOPLIST_FILE = AppexSaverExtension/Info.plist;
				INFOPLIST_KEY_CFBundleDisplayName = "Appex Saver";
				INFOPLIST_KEY_NSHumanReadableCopyright = "";
				LD_RUNPATH_SEARCH_PATHS = (
					"$(inherited)",
					"@executable_path/../Frameworks",
					"@executable_path/../../../../Frameworks",
				);
				MARKETING_VERSION = 1.0;
				PRODUCT_BUNDLE_IDENTIFIER = com.glouel.screensaver.AppexSaver.AppexSaverExtension;
				PRODUCT_NAME = "$(TARGET_NAME)";
				SKIP_INSTALL = YES;
				SWIFT_EMIT_LOC_STRINGS = YES;
				SWIFT_OBJC_BRIDGING_HEADER = "AppexSaverExtension/AppexSaverExtension-Bridging-Header.h";
				SWIFT_VERSION = 5.0;
			};
			name = Release;
		};
/* End XCBuildConfiguration section */

/* Begin XCConfigurationList section */
		1A00001B000000000000000A /* Build configuration list for PBXNativeTarget "AppexSaver" */ = {
			isa = XCConfigurationList;
			buildConfigurations = (
				1A000025000000000000000A /* Debug */,
				1A000026000000000000000A /* Release */,
			);
			defaultConfigurationIsVisible = 0;
			defaultConfigurationName = Release;
		};
		1A00001F000000000000000A /* Build configuration list for PBXNativeTarget "AppexSaverExtension" */ = {
			isa = XCConfigurationList;
			buildConfigurations = (
				1A000027000000000000000A /* Debug */,
				1A000028000000000000000A /* Release */,
			);
			defaultConfigurationIsVisible = 0;
			defaultConfigurationName = Release;
		};
		1A000022000000000000000A /* Build configuration list for PBXProject "AppexSaver" */ = {
			isa = XCConfigurationList;
			buildConfigurations = (
				1A000023000000000000000A /* Debug */,
				1A000024000000000000000A /* Release */,
			);
			defaultConfigurationIsVisible = 0;
			defaultConfigurationName = Release;
		};
/* End XCConfigurationList section */
	};
	rootObject = 1A000000000000000000000A /* Project object */;
}
