// !$*UTF8*$!
{
	archiveVersion = 1;
	classes = {
	};
	objectVersion = 56;
	objects = {

/* Begin PBXBuildFile section */
		13B2148BC580C604243C1C76 /* PlaybackSettings.swift in Sources */ = {isa = PBXBuildFile; fileRef = F541D0A459981713BA0CB265 /* PlaybackSettings.swift */; };
		18009372CBE0AC34A0B7D473 /* VideoPlayerControllerTests.swift in Sources */ = {isa = PBXBuildFile; fileRef = A8B1D2F9F57DAE399FC03C7B /* VideoPlayerControllerTests.swift */; };
		19AD6622F4D263AFBBA27321 /* LicenseView.swift in Sources */ = {isa = PBXBuildFile; fileRef = 8B885BA01AB09A9B515644AF /* LicenseView.swift */; };
		1A000001000000000000000A /* AppexSaverMinimalApp.swift in Sources */ = {isa = PBXBuildFile; fileRef = 1A000001000000000000000B /* AppexSaverMinimalApp.swift */; };
		1A000002000000000000000A /* ContentView.swift in Sources */ = {isa = PBXBuildFile; fileRef = 1A000002000000000000000B /* ContentView.swift */; };
		1A000003000000000000000A /* AppexSaverMinimalExtension.swift in Sources */ = {isa = PBXBuildFile; fileRef = 1A000003000000000000000B /* AppexSaverMinimalExtension.swift */; };
		1A000004000000000000000A /* AppexSaverMinimalViewController.swift in Sources */ = {isa = PBXBuildFile; fileRef = 1A000004000000000000000B /* AppexSaverMinimalViewController.swift */; };
		1A000005000000000000000A /* AppexSaverMinimalView.swift in Sources */ = {isa = PBXBuildFile; fileRef = 1A000005000000000000000B /* AppexSaverMinimalView.swift */; };
		1A000006000000000000000A /* ScreenSaver.framework in Frameworks */ = {isa = PBXBuildFile; fileRef = 1A000006000000000000000B /* ScreenSaver.framework */; };
		1A000007000000000000000A /* AppexSaverMinimalExtension.appex in Embed PlugIns */ = {isa = PBXBuildFile; fileRef = 1A000007000000000000000B /* AppexSaverMinimalExtension.appex */; settings = {ATTRIBUTES = (RemoveHeadersOnCopy, ); }; };
		1A000030000000000000000A /* AppexSaverMinimalConfigurationViewController.swift in Sources */ = {isa = PBXBuildFile; fileRef = 1A000030000000000000000B /* AppexSaverMinimalConfigurationViewController.swift */; };
		1A000031000000000000000A /* Assets.xcassets in Resources */ = {isa = PBXBuildFile; fileRef = 1A000031000000000000000B /* Assets.xcassets */; };
		1A000032000000000000000A /* PluginManager.swift in Sources */ = {isa = PBXBuildFile; fileRef = 1A000032000000000000000B /* PluginManager.swift */; };
		1A000060000000000000000A /* RainbowAnimator.swift in Sources */ = {isa = PBXBuildFile; fileRef = 1A000060000000000000000B /* RainbowAnimator.swift */; };
		1A000061000000000000000A /* RainbowAnimator.swift in Sources */ = {isa = PBXBuildFile; fileRef = 1A000060000000000000000B /* RainbowAnimator.swift */; };
		1A000062000000000000000A /* PreviewView.swift in Sources */ = {isa = PBXBuildFile; fileRef = 1A000062000000000000000B /* PreviewView.swift */; };
		1A000063000000000000000A /* PreviewViewRepresentable.swift in Sources */ = {isa = PBXBuildFile; fileRef = 1A000063000000000000000B /* PreviewViewRepresentable.swift */; };
		1A000066000000000000000A /* Logger.swift in Sources */ = {isa = PBXBuildFile; fileRef = 1A000064000000000000000B /* Logger.swift */; };
		1A000067000000000000000A /* Logger.swift in Sources */ = {isa = PBXBuildFile; fileRef = 1A000064000000000000000B /* Logger.swift */; };
		1A000070000000000000000A /* PaperSaverKit in Frameworks */ = {isa = PBXBuildFile; productRef = 1A000070000000000000000B /* PaperSaverKit */; };
		1F69364EA83DB6726F01C5AD /* LICENSE in Resources */ = {isa = PBXBuildFile; fileRef = FD21F04D6679F50D0AB6FF14 /* LICENSE */; };
		32FEF6C2D0FA030D58038408 /* RotationResolver.swift in Sources */ = {isa = PBXBuildFile; fileRef = 56FB7B95923A3A60126C85F5 /* RotationResolver.swift */; };
		352F6622C140AC4BE6C60983 /* PlaybackControlsView.swift in Sources */ = {isa = PBXBuildFile; fileRef = 057DCB4F6D22AA6F65FE9CD1 /* PlaybackControlsView.swift */; };
		4374789C8BA0665EDB92DF54 /* Cocoa.framework in Frameworks */ = {isa = PBXBuildFile; fileRef = 394243EDE0E358CA4BCB5F22 /* Cocoa.framework */; };
		5EC031D25CB2A74F1F915E5F /* CatalogView.swift in Sources */ = {isa = PBXBuildFile; fileRef = 1D757FDC426E58CBD6258CD3 /* CatalogView.swift */; };
		702CE2326462B98F0B846FBB /* Keychain.swift in Sources */ = {isa = PBXBuildFile; fileRef = 5117054DF587FF85776463AC /* Keychain.swift */; };
		79994C6B6D83A8460E66F813 /* CommerceAPI.swift in Sources */ = {isa = PBXBuildFile; fileRef = 5F12559AB3D6BBEEFB644311 /* CommerceAPI.swift */; };
		7EC2E35F3A27D44AEFB3D283 /* DeviceID.swift in Sources */ = {isa = PBXBuildFile; fileRef = 817F8D7F70648C542BBB903B /* DeviceID.swift */; };
		8024FCB428E64C805F1F6D9A /* RotationResolverTests.swift in Sources */ = {isa = PBXBuildFile; fileRef = DADB69C04072C30222076FB0 /* RotationResolverTests.swift */; };
		8243B32F719CC81E32059D60 /* PlaybackPropagation.swift in Sources */ = {isa = PBXBuildFile; fileRef = 2A4198FBB7F32C8C652415E1 /* PlaybackPropagation.swift */; };
		8E48DBEBB5CE91DA63D0F294 /* LoopPreviewView.swift in Sources */ = {isa = PBXBuildFile; fileRef = 7E8A9E3F2516E97EE15B8E82 /* LoopPreviewView.swift */; };
		96AA26C7AF5417505E054A52 /* PlaybackPropagationTests.swift in Sources */ = {isa = PBXBuildFile; fileRef = 4BA8D02E9EE934E77F57D55F /* PlaybackPropagationTests.swift */; };
		A86642010A97C9D6E31E85EF /* LoopDownloader.swift in Sources */ = {isa = PBXBuildFile; fileRef = 5D0E324CA2BB585C28828ED2 /* LoopDownloader.swift */; };
		AA249D5B8005D39FAAAA7F18 /* CatalogModel.swift in Sources */ = {isa = PBXBuildFile; fileRef = 4AF4827F4E204670BAA1AC8C /* CatalogModel.swift */; };
		B2A02D859DBF4ADAB03ACC47 /* PKCE.swift in Sources */ = {isa = PBXBuildFile; fileRef = C67EF4F0211A37152F6068D6 /* PKCE.swift */; };
		BCAB54944F7A3E4DE8276D68 /* PKCETests.swift in Sources */ = {isa = PBXBuildFile; fileRef = C404A013A3FD70538579FB4E /* PKCETests.swift */; };
		C9548440D1360AEC5A8113FC /* LicenseStoreTests.swift in Sources */ = {isa = PBXBuildFile; fileRef = AFBFB2402472E47F696FC1A0 /* LicenseStoreTests.swift */; };
		CB54075925AA009F11E5A955 /* FullScreenPlayer.swift in Sources */ = {isa = PBXBuildFile; fileRef = 0E0E8B43596DD48775A7AA99 /* FullScreenPlayer.swift */; };
		CC6E3084280E7DFD5EB8BF5D /* AuthCallbackRouterTests.swift in Sources */ = {isa = PBXBuildFile; fileRef = B8B2E9A5AE219EB425F5EAEC /* AuthCallbackRouterTests.swift */; };
		D06FB26D3C0344E4FD0FF71A /* LicenseStore.swift in Sources */ = {isa = PBXBuildFile; fileRef = 843AF486688D3BBEC398EB87 /* LicenseStore.swift */; };
		D1EF7FC78C635EAEAE473F84 /* PlaybackSettingsTests.swift in Sources */ = {isa = PBXBuildFile; fileRef = 57A14D6ED59C53BF4616170E /* PlaybackSettingsTests.swift */; };
		E1506EE8DD73B56DE8726D45 /* AuthCallbackRouter.swift in Sources */ = {isa = PBXBuildFile; fileRef = 3C13E14573F226EF9FDBA675 /* AuthCallbackRouter.swift */; };
		F00DCAFE0000000000000001 /* VideoPlayerController.swift in Sources */ = {isa = PBXBuildFile; fileRef = F00DCAFE0000000000000003 /* VideoPlayerController.swift */; };
		F00DCAFE0000000000000002 /* VideoPlayerController.swift in Sources */ = {isa = PBXBuildFile; fileRef = F00DCAFE0000000000000003 /* VideoPlayerController.swift */; };
		F00DCAFE0000000000000010 /* Assets.xcassets in Resources */ = {isa = PBXBuildFile; fileRef = F00DCAFE0000000000000011 /* Assets.xcassets */; };
/* End PBXBuildFile section */

/* Begin PBXContainerItemProxy section */
		1A000008000000000000000A /* PBXContainerItemProxy */ = {
			isa = PBXContainerItemProxy;
			containerPortal = 1A000000000000000000000A /* Project object */;
			proxyType = 1;
			remoteGlobalIDString = 1A000010000000000000000A;
			remoteInfo = AppexSaverMinimalExtension;
		};
		9B9D385E766149CBD7A4F8C8 /* PBXContainerItemProxy */ = {
			isa = PBXContainerItemProxy;
			containerPortal = 1A000000000000000000000A /* Project object */;
			proxyType = 1;
			remoteGlobalIDString = 1A00001A000000000000000A;
			remoteInfo = AppexSaverMinimal;
		};
/* End PBXContainerItemProxy section */

/* Begin PBXCopyFilesBuildPhase section */
		1A000009000000000000000A /* Embed PlugIns */ = {
			isa = PBXCopyFilesBuildPhase;
			buildActionMask = 2147483647;
			dstPath = "";
			dstSubfolderSpec = 13;
			files = (
				1A000007000000000000000A /* AppexSaverMinimalExtension.appex in Embed PlugIns */,
			);
			name = "Embed PlugIns";
			runOnlyForDeploymentPostprocessing = 0;
		};
/* End PBXCopyFilesBuildPhase section */

/* Begin PBXFileReference section */
		057DCB4F6D22AA6F65FE9CD1 /* PlaybackControlsView.swift */ = {isa = PBXFileReference; includeInIndex = 1; lastKnownFileType = sourcecode.swift; path = PlaybackControlsView.swift; sourceTree = "<group>"; };
		0E0E8B43596DD48775A7AA99 /* FullScreenPlayer.swift */ = {isa = PBXFileReference; includeInIndex = 1; lastKnownFileType = sourcecode.swift; path = FullScreenPlayer.swift; sourceTree = "<group>"; };
		0F6383C8602148F2D6BF17E7 /* AppexSaverMinimalTests.xctest */ = {isa = PBXFileReference; explicitFileType = wrapper.cfbundle; includeInIndex = 0; path = AppexSaverMinimalTests.xctest; sourceTree = BUILT_PRODUCTS_DIR; };
		1A000001000000000000000B /* AppexSaverMinimalApp.swift */ = {isa = PBXFileReference; lastKnownFileType = sourcecode.swift; path = AppexSaverMinimalApp.swift; sourceTree = "<group>"; };
		1A000002000000000000000B /* ContentView.swift */ = {isa = PBXFileReference; lastKnownFileType = sourcecode.swift; path = ContentView.swift; sourceTree = "<group>"; };
		1A000003000000000000000B /* AppexSaverMinimalExtension.swift */ = {isa = PBXFileReference; lastKnownFileType = sourcecode.swift; path = AppexSaverMinimalExtension.swift; sourceTree = "<group>"; };
		1A000004000000000000000B /* AppexSaverMinimalViewController.swift */ = {isa = PBXFileReference; lastKnownFileType = sourcecode.swift; path = AppexSaverMinimalViewController.swift; sourceTree = "<group>"; };
		1A000005000000000000000B /* AppexSaverMinimalView.swift */ = {isa = PBXFileReference; lastKnownFileType = sourcecode.swift; path = AppexSaverMinimalView.swift; sourceTree = "<group>"; };
		1A000006000000000000000B /* ScreenSaver.framework */ = {isa = PBXFileReference; lastKnownFileType = wrapper.framework; name = ScreenSaver.framework; path = System/Library/Frameworks/ScreenSaver.framework; sourceTree = SDKROOT; };
		1A000007000000000000000B /* AppexSaverMinimalExtension.appex */ = {isa = PBXFileReference; explicitFileType = "wrapper.app-extension"; includeInIndex = 0; path = AppexSaverMinimalExtension.appex; sourceTree = BUILT_PRODUCTS_DIR; };
		1A00000A000000000000000B /* Info.plist */ = {isa = PBXFileReference; lastKnownFileType = text.plist.xml; path = Info.plist; sourceTree = "<group>"; };
		1A00000B000000000000000B /* AppexSaverMinimal.entitlements */ = {isa = PBXFileReference; lastKnownFileType = text.plist.entitlements; path = AppexSaverMinimal.entitlements; sourceTree = "<group>"; };
		1A00000C000000000000000B /* AppexSaverMinimal.app */ = {isa = PBXFileReference; explicitFileType = wrapper.application; includeInIndex = 0; path = AppexSaverMinimal.app; sourceTree = BUILT_PRODUCTS_DIR; };
		1A00000D000000000000000B /* ScreenSaverPrivate.h */ = {isa = PBXFileReference; lastKnownFileType = sourcecode.c.h; path = ScreenSaverPrivate.h; sourceTree = "<group>"; };
		1A00000E000000000000000B /* AppexSaverMinimalExtension-Bridging-Header.h */ = {isa = PBXFileReference; lastKnownFileType = sourcecode.c.h; path = "AppexSaverMinimalExtension-Bridging-Header.h"; sourceTree = "<group>"; };
		1A00000F000000000000000B /* Info.plist */ = {isa = PBXFileReference; lastKnownFileType = text.plist.xml; path = Info.plist; sourceTree = "<group>"; };
		1A000011000000000000000B /* AppexSaverMinimalExtension.entitlements */ = {isa = PBXFileReference; lastKnownFileType = text.plist.entitlements; path = AppexSaverMinimalExtension.entitlements; sourceTree = "<group>"; };
		1A000030000000000000000B /* AppexSaverMinimalConfigurationViewController.swift */ = {isa = PBXFileReference; lastKnownFileType = sourcecode.swift; path = AppexSaverMinimalConfigurationViewController.swift; sourceTree = "<group>"; };
		1A000031000000000000000B /* Assets.xcassets */ = {isa = PBXFileReference; lastKnownFileType = folder.assetcatalog; path = Assets.xcassets; sourceTree = "<group>"; };
		1A000032000000000000000B /* PluginManager.swift */ = {isa = PBXFileReference; lastKnownFileType = sourcecode.swift; path = PluginManager.swift; sourceTree = "<group>"; };
		1A000050000000000000000B /* BuildNumber.xcconfig */ = {isa = PBXFileReference; lastKnownFileType = text.xcconfig; path = BuildNumber.xcconfig; sourceTree = "<group>"; };
		1A000060000000000000000B /* RainbowAnimator.swift */ = {isa = PBXFileReference; lastKnownFileType = sourcecode.swift; path = RainbowAnimator.swift; sourceTree = "<group>"; };
		1A000062000000000000000B /* PreviewView.swift */ = {isa = PBXFileReference; lastKnownFileType = sourcecode.swift; path = PreviewView.swift; sourceTree = "<group>"; };
		1A000063000000000000000B /* PreviewViewRepresentable.swift */ = {isa = PBXFileReference; lastKnownFileType = sourcecode.swift; path = PreviewViewRepresentable.swift; sourceTree = "<group>"; };
		1A000064000000000000000B /* Logger.swift */ = {isa = PBXFileReference; lastKnownFileType = sourcecode.swift; path = Logger.swift; sourceTree = "<group>"; };
		1D757FDC426E58CBD6258CD3 /* CatalogView.swift */ = {isa = PBXFileReference; includeInIndex = 1; lastKnownFileType = sourcecode.swift; path = CatalogView.swift; sourceTree = "<group>"; };
		2A4198FBB7F32C8C652415E1 /* PlaybackPropagation.swift */ = {isa = PBXFileReference; includeInIndex = 1; lastKnownFileType = sourcecode.swift; path = PlaybackPropagation.swift; sourceTree = "<group>"; };
		394243EDE0E358CA4BCB5F22 /* Cocoa.framework */ = {isa = PBXFileReference; lastKnownFileType = wrapper.framework; name = Cocoa.framework; path = Platforms/MacOSX.platform/Developer/SDKs/MacOSX26.0.sdk/System/Library/Frameworks/Cocoa.framework; sourceTree = DEVELOPER_DIR; };
		3C13E14573F226EF9FDBA675 /* AuthCallbackRouter.swift */ = {isa = PBXFileReference; includeInIndex = 1; lastKnownFileType = sourcecode.swift; path = AuthCallbackRouter.swift; sourceTree = "<group>"; };
		4AF4827F4E204670BAA1AC8C /* CatalogModel.swift */ = {isa = PBXFileReference; includeInIndex = 1; lastKnownFileType = sourcecode.swift; path = CatalogModel.swift; sourceTree = "<group>"; };
		4BA8D02E9EE934E77F57D55F /* PlaybackPropagationTests.swift */ = {isa = PBXFileReference; includeInIndex = 1; lastKnownFileType = sourcecode.swift; path = PlaybackPropagationTests.swift; sourceTree = "<group>"; };
		5117054DF587FF85776463AC /* Keychain.swift */ = {isa = PBXFileReference; includeInIndex = 1; lastKnownFileType = sourcecode.swift; path = Keychain.swift; sourceTree = "<group>"; };
		56FB7B95923A3A60126C85F5 /* RotationResolver.swift */ = {isa = PBXFileReference; includeInIndex = 1; lastKnownFileType = sourcecode.swift; path = RotationResolver.swift; sourceTree = "<group>"; };
		57A14D6ED59C53BF4616170E /* PlaybackSettingsTests.swift */ = {isa = PBXFileReference; includeInIndex = 1; lastKnownFileType = sourcecode.swift; path = PlaybackSettingsTests.swift; sourceTree = "<group>"; };
		5D0E324CA2BB585C28828ED2 /* LoopDownloader.swift */ = {isa = PBXFileReference; includeInIndex = 1; lastKnownFileType = sourcecode.swift; path = LoopDownloader.swift; sourceTree = "<group>"; };
		5F12559AB3D6BBEEFB644311 /* CommerceAPI.swift */ = {isa = PBXFileReference; includeInIndex = 1; lastKnownFileType = sourcecode.swift; path = CommerceAPI.swift; sourceTree = "<group>"; };
		7E8A9E3F2516E97EE15B8E82 /* LoopPreviewView.swift */ = {isa = PBXFileReference; includeInIndex = 1; lastKnownFileType = sourcecode.swift; path = LoopPreviewView.swift; sourceTree = "<group>"; };
		817F8D7F70648C542BBB903B /* DeviceID.swift */ = {isa = PBXFileReference; includeInIndex = 1; lastKnownFileType = sourcecode.swift; path = DeviceID.swift; sourceTree = "<group>"; };
		843AF486688D3BBEC398EB87 /* LicenseStore.swift */ = {isa = PBXFileReference; includeInIndex = 1; lastKnownFileType = sourcecode.swift; path = LicenseStore.swift; sourceTree = "<group>"; };
		8B885BA01AB09A9B515644AF /* LicenseView.swift */ = {isa = PBXFileReference; includeInIndex = 1; lastKnownFileType = sourcecode.swift; path = LicenseView.swift; sourceTree = "<group>"; };
		A8B1D2F9F57DAE399FC03C7B /* VideoPlayerControllerTests.swift */ = {isa = PBXFileReference; includeInIndex = 1; lastKnownFileType = sourcecode.swift; path = VideoPlayerControllerTests.swift; sourceTree = "<group>"; };
		AFBFB2402472E47F696FC1A0 /* LicenseStoreTests.swift */ = {isa = PBXFileReference; includeInIndex = 1; lastKnownFileType = sourcecode.swift; path = LicenseStoreTests.swift; sourceTree = "<group>"; };
		B8B2E9A5AE219EB425F5EAEC /* AuthCallbackRouterTests.swift */ = {isa = PBXFileReference; includeInIndex = 1; lastKnownFileType = sourcecode.swift; path = AuthCallbackRouterTests.swift; sourceTree = "<group>"; };
		C404A013A3FD70538579FB4E /* PKCETests.swift */ = {isa = PBXFileReference; includeInIndex = 1; lastKnownFileType = sourcecode.swift; path = PKCETests.swift; sourceTree = "<group>"; };
		C67EF4F0211A37152F6068D6 /* PKCE.swift */ = {isa = PBXFileReference; includeInIndex = 1; lastKnownFileType = sourcecode.swift; path = PKCE.swift; sourceTree = "<group>"; };
		DADB69C04072C30222076FB0 /* RotationResolverTests.swift */ = {isa = PBXFileReference; includeInIndex = 1; lastKnownFileType = sourcecode.swift; path = RotationResolverTests.swift; sourceTree = "<group>"; };
		F00DCAFE0000000000000003 /* VideoPlayerController.swift */ = {isa = PBXFileReference; lastKnownFileType = sourcecode.swift; path = VideoPlayerController.swift; sourceTree = "<group>"; };
		F00DCAFE0000000000000011 /* Assets.xcassets */ = {isa = PBXFileReference; lastKnownFileType = folder.assetcatalog; path = Assets.xcassets; sourceTree = "<group>"; };
		F541D0A459981713BA0CB265 /* PlaybackSettings.swift */ = {isa = PBXFileReference; includeInIndex = 1; lastKnownFileType = sourcecode.swift; path = PlaybackSettings.swift; sourceTree = "<group>"; };
		FD21F04D6679F50D0AB6FF14 /* LICENSE */ = {isa = PBXFileReference; includeInIndex = 1; path = LICENSE; sourceTree = "<group>"; };
/* End PBXFileReference section */

/* Begin PBXFrameworksBuildPhase section */
		1A000012000000000000000A /* Frameworks */ = {
			isa = PBXFrameworksBuildPhase;
			buildActionMask = 2147483647;
			files = (
				1A000070000000000000000A /* PaperSaverKit in Frameworks */,
			);
			runOnlyForDeploymentPostprocessing = 0;
		};
		1A000013000000000000000A /* Frameworks */ = {
			isa = PBXFrameworksBuildPhase;
			buildActionMask = 2147483647;
			files = (
				1A000006000000000000000A /* ScreenSaver.framework in Frameworks */,
			);
			runOnlyForDeploymentPostprocessing = 0;
		};
		C0AD98C89E60C193FFB3A922 /* Frameworks */ = {
			isa = PBXFrameworksBuildPhase;
			buildActionMask = 2147483647;
			files = (
				4374789C8BA0665EDB92DF54 /* Cocoa.framework in Frameworks */,
			);
			runOnlyForDeploymentPostprocessing = 0;
		};
/* End PBXFrameworksBuildPhase section */

/* Begin PBXGroup section */
		1A000014000000000000000C = {
			isa = PBXGroup;
			children = (
				1A000050000000000000000B /* BuildNumber.xcconfig */,
				1A000015000000000000000C /* AppexSaverMinimal */,
				1A000016000000000000000C /* AppexSaverMinimalExtension */,
				1A000017000000000000000C /* Frameworks */,
				1A000018000000000000000C /* Products */,
				FD21F04D6679F50D0AB6FF14 /* LICENSE */,
			);
			sourceTree = "<group>";
		};
		1A000015000000000000000C /* AppexSaverMinimal */ = {
			isa = PBXGroup;
			children = (
				1A000065000000000000000C /* Helpers */,
				1A000001000000000000000B /* AppexSaverMinimalApp.swift */,
				1A000002000000000000000B /* ContentView.swift */,
				1A000032000000000000000B /* PluginManager.swift */,
				1A000060000000000000000B /* RainbowAnimator.swift */,
				F00DCAFE0000000000000003 /* VideoPlayerController.swift */,
				1A000062000000000000000B /* PreviewView.swift */,
				1A000063000000000000000B /* PreviewViewRepresentable.swift */,
				1A00000A000000000000000B /* Info.plist */,
				1A00000B000000000000000B /* AppexSaverMinimal.entitlements */,
				F00DCAFE0000000000000011 /* Assets.xcassets */,
				9DB52FCD1665D919FFBE983A /* Commerce */,
				F541D0A459981713BA0CB265 /* PlaybackSettings.swift */,
				57A14D6ED59C53BF4616170E /* PlaybackSettingsTests.swift */,
				56FB7B95923A3A60126C85F5 /* RotationResolver.swift */,
				DADB69C04072C30222076FB0 /* RotationResolverTests.swift */,
				A8B1D2F9F57DAE399FC03C7B /* VideoPlayerControllerTests.swift */,
				057DCB4F6D22AA6F65FE9CD1 /* PlaybackControlsView.swift */,
				2A4198FBB7F32C8C652415E1 /* PlaybackPropagation.swift */,
				4BA8D02E9EE934E77F57D55F /* PlaybackPropagationTests.swift */,
			);
			path = AppexSaverMinimal;
			sourceTree = "<group>";
		};
		1A000016000000000000000C /* AppexSaverMinimalExtension */ = {
			isa = PBXGroup;
			children = (
				1A000019000000000000000C /* PrivateHeaders */,
				1A000003000000000000000B /* AppexSaverMinimalExtension.swift */,
				1A000004000000000000000B /* AppexSaverMinimalViewController.swift */,
				1A000005000000000000000B /* AppexSaverMinimalView.swift */,
				1A000030000000000000000B /* AppexSaverMinimalConfigurationViewController.swift */,
				1A000031000000000000000B /* Assets.xcassets */,
				1A00000E000000000000000B /* AppexSaverMinimalExtension-Bridging-Header.h */,
				1A00000F000000000000000B /* Info.plist */,
				1A000011000000000000000B /* AppexSaverMinimalExtension.entitlements */,
			);
			path = AppexSaverMinimalExtension;
			sourceTree = "<group>";
		};
		1A000017000000000000000C /* Frameworks */ = {
			isa = PBXGroup;
			children = (
				1A000006000000000000000B /* ScreenSaver.framework */,
				8127F2B332BAE54270FE4D53 /* OS X */,
			);
			name = Frameworks;
			sourceTree = "<group>";
		};
		1A000018000000000000000C /* Products */ = {
			isa = PBXGroup;
			children = (
				1A00000C000000000000000B /* AppexSaverMinimal.app */,
				1A000007000000000000000B /* AppexSaverMinimalExtension.appex */,
				0F6383C8602148F2D6BF17E7 /* AppexSaverMinimalTests.xctest */,
			);
			name = Products;
			sourceTree = "<group>";
		};
		1A000019000000000000000C /* PrivateHeaders */ = {
			isa = PBXGroup;
			children = (
				1A00000D000000000000000B /* ScreenSaverPrivate.h */,
			);
			path = PrivateHeaders;
			sourceTree = "<group>";
		};
		1A000065000000000000000C /* Helpers */ = {
			isa = PBXGroup;
			children = (
				1A000064000000000000000B /* Logger.swift */,
			);
			path = Helpers;
			sourceTree = "<group>";
		};
		8127F2B332BAE54270FE4D53 /* OS X */ = {
			isa = PBXGroup;
			children = (
				394243EDE0E358CA4BCB5F22 /* Cocoa.framework */,
			);
			name = "OS X";
			sourceTree = "<group>";
		};
		9DB52FCD1665D919FFBE983A /* Commerce */ = {
			isa = PBXGroup;
			children = (
				817F8D7F70648C542BBB903B /* DeviceID.swift */,
				5F12559AB3D6BBEEFB644311 /* CommerceAPI.swift */,
				5117054DF587FF85776463AC /* Keychain.swift */,
				843AF486688D3BBEC398EB87 /* LicenseStore.swift */,
				8B885BA01AB09A9B515644AF /* LicenseView.swift */,
				5D0E324CA2BB585C28828ED2 /* LoopDownloader.swift */,
				4AF4827F4E204670BAA1AC8C /* CatalogModel.swift */,
				1D757FDC426E58CBD6258CD3 /* CatalogView.swift */,
				0E0E8B43596DD48775A7AA99 /* FullScreenPlayer.swift */,
				7E8A9E3F2516E97EE15B8E82 /* LoopPreviewView.swift */,
				C67EF4F0211A37152F6068D6 /* PKCE.swift */,
				3C13E14573F226EF9FDBA675 /* AuthCallbackRouter.swift */,
				AFBFB2402472E47F696FC1A0 /* LicenseStoreTests.swift */,
				C404A013A3FD70538579FB4E /* PKCETests.swift */,
				B8B2E9A5AE219EB425F5EAEC /* AuthCallbackRouterTests.swift */,
			);
			name = Commerce;
			path = Commerce;
			sourceTree = "<group>";
		};
/* End PBXGroup section */

/* Begin PBXNativeTarget section */
		1A000010000000000000000A /* AppexSaverMinimalExtension */ = {
			isa = PBXNativeTarget;
			buildConfigurationList = 1A00001F000000000000000A /* Build configuration list for PBXNativeTarget "AppexSaverMinimalExtension" */;
			buildPhases = (
				1A000020000000000000000A /* Sources */,
				1A000013000000000000000A /* Frameworks */,
				1A000021000000000000000A /* Resources */,
			);
			buildRules = (
			);
			dependencies = (
			);
			name = AppexSaverMinimalExtension;
			productName = AppexSaverMinimalExtension;
			productReference = 1A000007000000000000000B /* AppexSaverMinimalExtension.appex */;
			productType = "com.apple.product-type.app-extension";
		};
		1A00001A000000000000000A /* AppexSaverMinimal */ = {
			isa = PBXNativeTarget;
			buildConfigurationList = 1A00001B000000000000000A /* Build configuration list for PBXNativeTarget "AppexSaverMinimal" */;
			buildPhases = (
				1A00001C000000000000000A /* Sources */,
				1A000012000000000000000A /* Frameworks */,
				1A00001D000000000000000A /* Resources */,
				1A000009000000000000000A /* Embed PlugIns */,
				1A000042000000000000000A /* Register Extensions */,
			);
			buildRules = (
			);
			dependencies = (
				1A00001E000000000000000A /* PBXTargetDependency */,
			);
			name = AppexSaverMinimal;
			packageProductDependencies = (
				1A000070000000000000000B /* PaperSaverKit */,
			);
			productName = AppexSaverMinimal;
			productReference = 1A00000C000000000000000B /* AppexSaverMinimal.app */;
			productType = "com.apple.product-type.application";
		};
		C88B318FFA2083F1584E2C40 /* AppexSaverMinimalTests */ = {
			isa = PBXNativeTarget;
			buildConfigurationList = 07090A1BDFF6AA19E1A1684A /* Build configuration list for PBXNativeTarget "AppexSaverMinimalTests" */;
			buildPhases = (
				31FDFBA00DBA6F3B123DF33D /* Sources */,
				C0AD98C89E60C193FFB3A922 /* Frameworks */,
				BC389E75093C0AD1EC241F08 /* Resources */,
			);
			buildRules = (
			);
			dependencies = (
				02E1C4DDBE2728C3C3AD3896 /* PBXTargetDependency */,
			);
			name = AppexSaverMinimalTests;
			productName = AppexSaverMinimalTests;
			productReference = 0F6383C8602148F2D6BF17E7 /* AppexSaverMinimalTests.xctest */;
			productType = "com.apple.product-type.bundle.unit-test";
		};
/* End PBXNativeTarget section */

/* Begin PBXProject section */
		1A000000000000000000000A /* Project object */ = {
			isa = PBXProject;
			attributes = {
				BuildIndependentTargetsInParallel = 1;
				LastSwiftUpdateCheck = 1500;
				LastUpgradeCheck = 1500;
				TargetAttributes = {
					1A000010000000000000000A = {
						CreatedOnToolsVersion = 15.0;
					};
					1A00001A000000000000000A = {
						CreatedOnToolsVersion = 15.0;
					};
				};
			};
			buildConfigurationList = 1A000022000000000000000A /* Build configuration list for PBXProject "AppexSaverMinimal" */;
			compatibilityVersion = "Xcode 14.0";
			developmentRegion = en;
			hasScannedForEncodings = 0;
			knownRegions = (
				en,
				Base,
			);
			mainGroup = 1A000014000000000000000C;
			packageReferences = (
				1A000071000000000000000A /* XCRemoteSwiftPackageReference "PaperSaver" */,
			);
			productRefGroup = 1A000018000000000000000C /* Products */;
			projectDirPath = "";
			projectRoot = "";
			targets = (
				1A00001A000000000000000A /* AppexSaverMinimal */,
				1A000010000000000000000A /* AppexSaverMinimalExtension */,
				C88B318FFA2083F1584E2C40 /* AppexSaverMinimalTests */,
			);
		};
/* End PBXProject section */

/* Begin PBXResourcesBuildPhase section */
		1A00001D000000000000000A /* Resources */ = {
			isa = PBXResourcesBuildPhase;
			buildActionMask = 2147483647;
			files = (
				F00DCAFE0000000000000010 /* Assets.xcassets in Resources */,
				1F69364EA83DB6726F01C5AD /* LICENSE in Resources */,
			);
			runOnlyForDeploymentPostprocessing = 0;
		};
		1A000021000000000000000A /* Resources */ = {
			isa = PBXResourcesBuildPhase;
			buildActionMask = 2147483647;
			files = (
				1A000031000000000000000A /* Assets.xcassets in Resources */,
			);
			runOnlyForDeploymentPostprocessing = 0;
		};
		BC389E75093C0AD1EC241F08 /* Resources */ = {
			isa = PBXResourcesBuildPhase;
			buildActionMask = 2147483647;
			files = (
			);
			runOnlyForDeploymentPostprocessing = 0;
		};
/* End PBXResourcesBuildPhase section */

/* Begin PBXShellScriptBuildPhase section */
		1A000042000000000000000A /* Register Extensions */ = {
			isa = PBXShellScriptBuildPhase;
			buildActionMask = 2147483647;
			files = (
			);
			inputFileListPaths = (
			);
			inputPaths = (
			);
			name = "Register Extensions";
			outputFileListPaths = (
			);
			outputPaths = (
			);
			runOnlyForDeploymentPostprocessing = 0;
			shellPath = /bin/sh;
			shellScript = "find \"$CODESIGNING_FOLDER_PATH\" -name '*.appex' -exec pluginkit -a {} \\;\n";
		};
/* End PBXShellScriptBuildPhase section */

/* Begin PBXSourcesBuildPhase section */
		1A00001C000000000000000A /* Sources */ = {
			isa = PBXSourcesBuildPhase;
			buildActionMask = 2147483647;
			files = (
				1A000001000000000000000A /* AppexSaverMinimalApp.swift in Sources */,
				1A000002000000000000000A /* ContentView.swift in Sources */,
				1A000032000000000000000A /* PluginManager.swift in Sources */,
				1A000066000000000000000A /* Logger.swift in Sources */,
				1A000060000000000000000A /* RainbowAnimator.swift in Sources */,
				F00DCAFE0000000000000001 /* VideoPlayerController.swift in Sources */,
				1A000062000000000000000A /* PreviewView.swift in Sources */,
				1A000063000000000000000A /* PreviewViewRepresentable.swift in Sources */,
				7EC2E35F3A27D44AEFB3D283 /* DeviceID.swift in Sources */,
				79994C6B6D83A8460E66F813 /* CommerceAPI.swift in Sources */,
				702CE2326462B98F0B846FBB /* Keychain.swift in Sources */,
				D06FB26D3C0344E4FD0FF71A /* LicenseStore.swift in Sources */,
				19AD6622F4D263AFBBA27321 /* LicenseView.swift in Sources */,
				A86642010A97C9D6E31E85EF /* LoopDownloader.swift in Sources */,
				AA249D5B8005D39FAAAA7F18 /* CatalogModel.swift in Sources */,
				5EC031D25CB2A74F1F915E5F /* CatalogView.swift in Sources */,
				CB54075925AA009F11E5A955 /* FullScreenPlayer.swift in Sources */,
				8E48DBEBB5CE91DA63D0F294 /* LoopPreviewView.swift in Sources */,
				B2A02D859DBF4ADAB03ACC47 /* PKCE.swift in Sources */,
				E1506EE8DD73B56DE8726D45 /* AuthCallbackRouter.swift in Sources */,
				13B2148BC580C604243C1C76 /* PlaybackSettings.swift in Sources */,
				32FEF6C2D0FA030D58038408 /* RotationResolver.swift in Sources */,
				352F6622C140AC4BE6C60983 /* PlaybackControlsView.swift in Sources */,
				8243B32F719CC81E32059D60 /* PlaybackPropagation.swift in Sources */,
			);
			runOnlyForDeploymentPostprocessing = 0;
		};
		1A000020000000000000000A /* Sources */ = {
			isa = PBXSourcesBuildPhase;
			buildActionMask = 2147483647;
			files = (
				1A000003000000000000000A /* AppexSaverMinimalExtension.swift in Sources */,
				1A000004000000000000000A /* AppexSaverMinimalViewController.swift in Sources */,
				1A000005000000000000000A /* AppexSaverMinimalView.swift in Sources */,
				1A000030000000000000000A /* AppexSaverMinimalConfigurationViewController.swift in Sources */,
				1A000067000000000000000A /* Logger.swift in Sources */,
				1A000061000000000000000A /* RainbowAnimator.swift in Sources */,
				F00DCAFE0000000000000002 /* VideoPlayerController.swift in Sources */,
			);
			runOnlyForDeploymentPostprocessing = 0;
		};
		31FDFBA00DBA6F3B123DF33D /* Sources */ = {
			isa = PBXSourcesBuildPhase;
			buildActionMask = 2147483647;
			files = (
				C9548440D1360AEC5A8113FC /* LicenseStoreTests.swift in Sources */,
				BCAB54944F7A3E4DE8276D68 /* PKCETests.swift in Sources */,
				CC6E3084280E7DFD5EB8BF5D /* AuthCallbackRouterTests.swift in Sources */,
				D1EF7FC78C635EAEAE473F84 /* PlaybackSettingsTests.swift in Sources */,
				8024FCB428E64C805F1F6D9A /* RotationResolverTests.swift in Sources */,
				18009372CBE0AC34A0B7D473 /* VideoPlayerControllerTests.swift in Sources */,
				96AA26C7AF5417505E054A52 /* PlaybackPropagationTests.swift in Sources */,
			);
			runOnlyForDeploymentPostprocessing = 0;
		};
/* End PBXSourcesBuildPhase section */

/* Begin PBXTargetDependency section */
		02E1C4DDBE2728C3C3AD3896 /* PBXTargetDependency */ = {
			isa = PBXTargetDependency;
			name = AppexSaverMinimal;
			target = 1A00001A000000000000000A /* AppexSaverMinimal */;
			targetProxy = 9B9D385E766149CBD7A4F8C8 /* PBXContainerItemProxy */;
		};
		1A00001E000000000000000A /* PBXTargetDependency */ = {
			isa = PBXTargetDependency;
			target = 1A000010000000000000000A /* AppexSaverMinimalExtension */;
			targetProxy = 1A000008000000000000000A /* PBXContainerItemProxy */;
		};
/* End PBXTargetDependency section */

/* Begin XCBuildConfiguration section */
		1A000023000000000000000A /* Debug */ = {
			isa = XCBuildConfiguration;
			baseConfigurationReference = 1A000050000000000000000B /* BuildNumber.xcconfig */;
			buildSettings = {
				ALWAYS_SEARCH_USER_PATHS = NO;
				ASSETCATALOG_COMPILER_GENERATE_SWIFT_ASSET_SYMBOL_EXTENSIONS = YES;
				CLANG_ANALYZER_NONNULL = YES;
				CLANG_ANALYZER_NUMBER_OBJECT_CONVERSION = YES_AGGRESSIVE;
				CLANG_CXX_LANGUAGE_STANDARD = "gnu++20";
				CLANG_ENABLE_MODULES = YES;
				CLANG_ENABLE_OBJC_ARC = YES;
				CLANG_ENABLE_OBJC_WEAK = YES;
				CLANG_WARN_BLOCK_CAPTURE_AUTORELEASING = YES;
				CLANG_WARN_BOOL_CONVERSION = YES;
				CLANG_WARN_COMMA = YES;
				CLANG_WARN_CONSTANT_CONVERSION = YES;
				CLANG_WARN_DEPRECATED_OBJC_IMPLEMENTATIONS = YES;
				CLANG_WARN_DIRECT_OBJC_ISA_USAGE = YES_ERROR;
				CLANG_WARN_DOCUMENTATION_COMMENTS = YES;
				CLANG_WARN_EMPTY_BODY = YES;
				CLANG_WARN_ENUM_CONVERSION = YES;
				CLANG_WARN_INFINITE_RECURSION = YES;
				CLANG_WARN_INT_CONVERSION = YES;
				CLANG_WARN_NON_LITERAL_NULL_CONVERSION = YES;
				CLANG_WARN_OBJC_IMPLICIT_RETAIN_SELF = YES;
				CLANG_WARN_OBJC_LITERAL_CONVERSION = YES;
				CLANG_WARN_OBJC_ROOT_CLASS = YES_ERROR;
				CLANG_WARN_QUOTED_INCLUDE_IN_FRAMEWORK_HEADER = YES;
				CLANG_WARN_RANGE_LOOP_ANALYSIS = YES;
				CLANG_WARN_STRICT_PROTOTYPES = YES;
				CLANG_WARN_SUSPICIOUS_MOVE = YES;
				CLANG_WARN_UNGUARDED_AVAILABILITY = YES_AGGRESSIVE;
				CLANG_WARN_UNREACHABLE_CODE = YES;
				CLANG_WARN__DUPLICATE_METHOD_MATCH = YES;
				COPY_PHASE_STRIP = NO;
				DEBUG_INFORMATION_FORMAT = dwarf;
				ENABLE_STRICT_OBJC_MSGSEND = YES;
				ENABLE_TESTABILITY = YES;
				ENABLE_USER_SCRIPT_SANDBOXING = NO;
				GCC_C_LANGUAGE_STANDARD = gnu17;
				GCC_DYNAMIC_NO_PIC = NO;
				GCC_NO_COMMON_BLOCKS = YES;
				GCC_OPTIMIZATION_LEVEL = 0;
				GCC_PREPROCESSOR_DEFINITIONS = (
					"DEBUG=1",
					"$(inherited)",
				);
				GCC_WARN_64_TO_32_BIT_CONVERSION = YES;
				GCC_WARN_ABOUT_RETURN_TYPE = YES_ERROR;
				GCC_WARN_UNDECLARED_SELECTOR = YES;
				GCC_WARN_UNINITIALIZED_AUTOS = YES_AGGRESSIVE;
				GCC_WARN_UNUSED_FUNCTION = YES;
				GCC_WARN_UNUSED_VARIABLE = YES;
				LOCALIZATION_PREFERS_STRING_CATALOGS = YES;
				MACOSX_DEPLOYMENT_TARGET = 14.0;
				MTL_ENABLE_DEBUG_INFO = INCLUDE_SOURCE;
				MTL_FAST_MATH = YES;
				ONLY_ACTIVE_ARCH = YES;
				SDKROOT = macosx;
				SWIFT_ACTIVE_COMPILATION_CONDITIONS = "DEBUG $(inherited)";
				SWIFT_OPTIMIZATION_LEVEL = "-Onone";
			};
			name = Debug;
		};
		1A000024000000000000000A /* Release */ = {
			isa = XCBuildConfiguration;
			baseConfigurationReference = 1A000050000000000000000B /* BuildNumber.xcconfig */;
			buildSettings = {
				ALWAYS_SEARCH_USER_PATHS = NO;
				ASSETCATALOG_COMPILER_GENERATE_SWIFT_ASSET_SYMBOL_EXTENSIONS = YES;
				CLANG_ANALYZER_NONNULL = YES;
				CLANG_ANALYZER_NUMBER_OBJECT_CONVERSION = YES_AGGRESSIVE;
				CLANG_CXX_LANGUAGE_STANDARD = "gnu++20";
				CLANG_ENABLE_MODULES = YES;
				CLANG_ENABLE_OBJC_ARC = YES;
				CLANG_ENABLE_OBJC_WEAK = YES;
				CLANG_WARN_BLOCK_CAPTURE_AUTORELEASING = YES;
				CLANG_WARN_BOOL_CONVERSION = YES;
				CLANG_WARN_COMMA = YES;
				CLANG_WARN_CONSTANT_CONVERSION = YES;
				CLANG_WARN_DEPRECATED_OBJC_IMPLEMENTATIONS = YES;
				CLANG_WARN_DIRECT_OBJC_ISA_USAGE = YES_ERROR;
				CLANG_WARN_DOCUMENTATION_COMMENTS = YES;
				CLANG_WARN_EMPTY_BODY = YES;
				CLANG_WARN_ENUM_CONVERSION = YES;
				CLANG_WARN_INFINITE_RECURSION = YES;
				CLANG_WARN_INT_CONVERSION = YES;
				CLANG_WARN_NON_LITERAL_NULL_CONVERSION = YES;
				CLANG_WARN_OBJC_IMPLICIT_RETAIN_SELF = YES;
				CLANG_WARN_OBJC_LITERAL_CONVERSION = YES;
				CLANG_WARN_OBJC_ROOT_CLASS = YES_ERROR;
				CLANG_WARN_QUOTED_INCLUDE_IN_FRAMEWORK_HEADER = YES;
				CLANG_WARN_RANGE_LOOP_ANALYSIS = YES;
				CLANG_WARN_STRICT_PROTOTYPES = YES;
				CLANG_WARN_SUSPICIOUS_MOVE = YES;
				CLANG_WARN_UNGUARDED_AVAILABILITY = YES_AGGRESSIVE;
				CLANG_WARN_UNREACHABLE_CODE = YES;
				CLANG_WARN__DUPLICATE_METHOD_MATCH = YES;
				COPY_PHASE_STRIP = NO;
				DEBUG_INFORMATION_FORMAT = "dwarf-with-dsym";
				ENABLE_NS_ASSERTIONS = NO;
				ENABLE_STRICT_OBJC_MSGSEND = YES;
				ENABLE_USER_SCRIPT_SANDBOXING = NO;
				GCC_C_LANGUAGE_STANDARD = gnu17;
				GCC_NO_COMMON_BLOCKS = YES;
				GCC_WARN_64_TO_32_BIT_CONVERSION = YES;
				GCC_WARN_ABOUT_RETURN_TYPE = YES_ERROR;
				GCC_WARN_UNDECLARED_SELECTOR = YES;
				GCC_WARN_UNINITIALIZED_AUTOS = YES_AGGRESSIVE;
				GCC_WARN_UNUSED_FUNCTION = YES;
				GCC_WARN_UNUSED_VARIABLE = YES;
				LOCALIZATION_PREFERS_STRING_CATALOGS = YES;
				MACOSX_DEPLOYMENT_TARGET = 14.0;
				MTL_ENABLE_DEBUG_INFO = NO;
				MTL_FAST_MATH = YES;
				SDKROOT = macosx;
				SWIFT_COMPILATION_MODE = wholemodule;
			};
			name = Release;
		};
		1A000025000000000000000A /* Debug */ = {
			isa = XCBuildConfiguration;
			buildSettings = {
				ASSETCATALOG_COMPILER_APPICON_NAME = AppIcon;
				ASSETCATALOG_COMPILER_GLOBAL_ACCENT_COLOR_NAME = AccentColor;
				CODE_SIGN_ENTITLEMENTS = AppexSaverMinimal/AppexSaverMinimal.entitlements;
				"CODE_SIGN_IDENTITY[sdk=macosx*]" = "-";
				CODE_SIGN_STYLE = Automatic;
				COMBINE_HIDPI_IMAGES = YES;
				DEVELOPMENT_TEAM = 8FYWMC4BJ3;
				ENABLE_HARDENED_RUNTIME = YES;
				ENABLE_USER_SCRIPT_SANDBOXING = NO;
				GENERATE_INFOPLIST_FILE = NO;
				INFOPLIST_FILE = AppexSaverMinimal/Info.plist;
				INFOPLIST_KEY_NSHumanReadableCopyright = "";
				INFOPLIST_KEY_NSPrincipalClass = NSApplication;
				LD_RUNPATH_SEARCH_PATHS = (
					"$(inherited)",
					"@executable_path/../Frameworks",
				);
				MARKETING_VERSION = 1.0;
				PRODUCT_BUNDLE_IDENTIFIER = app.surrealism.screensaver;
				PRODUCT_NAME = Surrealism;
				SWIFT_EMIT_LOC_STRINGS = YES;
				SWIFT_VERSION = 5.0;
			};
			name = Debug;
		};
		1A000026000000000000000A /* Release */ = {
			isa = XCBuildConfiguration;
			buildSettings = {
				ASSETCATALOG_COMPILER_APPICON_NAME = AppIcon;
				ASSETCATALOG_COMPILER_GLOBAL_ACCENT_COLOR_NAME = AccentColor;
				CODE_SIGN_ENTITLEMENTS = AppexSaverMinimal/AppexSaverMinimal.entitlements;
				"CODE_SIGN_IDENTITY[sdk=macosx*]" = "-";
				CODE_SIGN_STYLE = Automatic;
				COMBINE_HIDPI_IMAGES = YES;
				DEVELOPMENT_TEAM = 8FYWMC4BJ3;
				ENABLE_HARDENED_RUNTIME = YES;
				ENABLE_USER_SCRIPT_SANDBOXING = NO;
				GENERATE_INFOPLIST_FILE = NO;
				INFOPLIST_FILE = AppexSaverMinimal/Info.plist;
				INFOPLIST_KEY_NSHumanReadableCopyright = "";
				INFOPLIST_KEY_NSPrincipalClass = NSApplication;
				LD_RUNPATH_SEARCH_PATHS = (
					"$(inherited)",
					"@executable_path/../Frameworks",
				);
				MARKETING_VERSION = 1.0;
				PRODUCT_BUNDLE_IDENTIFIER = app.surrealism.screensaver;
				PRODUCT_NAME = Surrealism;
				SWIFT_EMIT_LOC_STRINGS = YES;
				SWIFT_VERSION = 5.0;
			};
			name = Release;
		};
		1A000027000000000000000A /* Debug */ = {
			isa = XCBuildConfiguration;
			buildSettings = {
				CODE_SIGN_ENTITLEMENTS = AppexSaverMinimalExtension/AppexSaverMinimalExtension.entitlements;
				CODE_SIGN_STYLE = Automatic;
				DEVELOPMENT_TEAM = 8FYWMC4BJ3;
				ENABLE_APP_SANDBOX = YES;
				ENABLE_INCOMING_NETWORK_CONNECTIONS = YES;
				ENABLE_OUTGOING_NETWORK_CONNECTIONS = YES;
				ENABLE_RESOURCE_ACCESS_AUDIO_INPUT = NO;
				ENABLE_RESOURCE_ACCESS_BLUETOOTH = NO;
				ENABLE_RESOURCE_ACCESS_CALENDARS = NO;
				ENABLE_RESOURCE_ACCESS_CAMERA = NO;
				ENABLE_RESOURCE_ACCESS_CONTACTS = NO;
				ENABLE_RESOURCE_ACCESS_LOCATION = NO;
				ENABLE_RESOURCE_ACCESS_PRINTING = NO;
				ENABLE_RESOURCE_ACCESS_USB = NO;
				ENABLE_USER_SCRIPT_SANDBOXING = NO;
				GENERATE_INFOPLIST_FILE = NO;
				INFOPLIST_FILE = AppexSaverMinimalExtension/Info.plist;
				INFOPLIST_KEY_CFBundleDisplayName = Surrealism;
				INFOPLIST_KEY_NSHumanReadableCopyright = "";
				LD_RUNPATH_SEARCH_PATHS = (
					"$(inherited)",
					"@executable_path/../Frameworks",
					"@executable_path/../../../../Frameworks",
				);
				MARKETING_VERSION = 1.0;
				PRODUCT_BUNDLE_IDENTIFIER = app.surrealism.screensaver.Extension;
				PRODUCT_NAME = "$(TARGET_NAME)";
				SKIP_INSTALL = YES;
				SWIFT_EMIT_LOC_STRINGS = YES;
				SWIFT_OBJC_BRIDGING_HEADER = "AppexSaverMinimalExtension/AppexSaverMinimalExtension-Bridging-Header.h";
				SWIFT_VERSION = 5.0;
			};
			name = Debug;
		};
		1A000028000000000000000A /* Release */ = {
			isa = XCBuildConfiguration;
			buildSettings = {
				CODE_SIGN_ENTITLEMENTS = AppexSaverMinimalExtension/AppexSaverMinimalExtension.entitlements;
				CODE_SIGN_STYLE = Automatic;
				DEVELOPMENT_TEAM = 8FYWMC4BJ3;
				ENABLE_APP_SANDBOX = YES;
				ENABLE_INCOMING_NETWORK_CONNECTIONS = YES;
				ENABLE_OUTGOING_NETWORK_CONNECTIONS = YES;
				ENABLE_RESOURCE_ACCESS_AUDIO_INPUT = NO;
				ENABLE_RESOURCE_ACCESS_BLUETOOTH = NO;
				ENABLE_RESOURCE_ACCESS_CALENDARS = NO;
				ENABLE_RESOURCE_ACCESS_CAMERA = NO;
				ENABLE_RESOURCE_ACCESS_CONTACTS = NO;
				ENABLE_RESOURCE_ACCESS_LOCATION = NO;
				ENABLE_RESOURCE_ACCESS_PRINTING = NO;
				ENABLE_RESOURCE_ACCESS_USB = NO;
				ENABLE_USER_SCRIPT_SANDBOXING = NO;
				GENERATE_INFOPLIST_FILE = NO;
				INFOPLIST_FILE = AppexSaverMinimalExtension/Info.plist;
				INFOPLIST_KEY_CFBundleDisplayName = Surrealism;
				INFOPLIST_KEY_NSHumanReadableCopyright = "";
				LD_RUNPATH_SEARCH_PATHS = (
					"$(inherited)",
					"@executable_path/../Frameworks",
					"@executable_path/../../../../Frameworks",
				);
				MARKETING_VERSION = 1.0;
				PRODUCT_BUNDLE_IDENTIFIER = app.surrealism.screensaver.Extension;
				PRODUCT_NAME = "$(TARGET_NAME)";
				SKIP_INSTALL = YES;
				SWIFT_EMIT_LOC_STRINGS = YES;
				SWIFT_OBJC_BRIDGING_HEADER = "AppexSaverMinimalExtension/AppexSaverMinimalExtension-Bridging-Header.h";
				SWIFT_VERSION = 5.0;
			};
			name = Release;
		};
		3E59FFF925A5AEBF3CC81939 /* Release */ = {
			isa = XCBuildConfiguration;
			buildSettings = {
				BUNDLE_LOADER = "$(TEST_HOST)";
				CODE_SIGN_STYLE = Automatic;
				DEVELOPMENT_TEAM = 8FYWMC4BJ3;
				GENERATE_INFOPLIST_FILE = YES;
				MACOSX_DEPLOYMENT_TARGET = 14.0;
				PRODUCT_BUNDLE_IDENTIFIER = app.surrealism.screensaver.Tests;
				PRODUCT_NAME = "$(TARGET_NAME)";
				SDKROOT = macosx;
				SWIFT_EMIT_LOC_STRINGS = NO;
				SWIFT_VERSION = 5.0;
				TEST_HOST = "$(BUILT_PRODUCTS_DIR)/Surrealism.app/Contents/MacOS/Surrealism";
			};
			name = Release;
		};
		432D48B3D7FEED26075F934A /* Debug */ = {
			isa = XCBuildConfiguration;
			buildSettings = {
				BUNDLE_LOADER = "$(TEST_HOST)";
				CODE_SIGN_STYLE = Automatic;
				DEVELOPMENT_TEAM = 8FYWMC4BJ3;
				GENERATE_INFOPLIST_FILE = YES;
				MACOSX_DEPLOYMENT_TARGET = 14.0;
				PRODUCT_BUNDLE_IDENTIFIER = app.surrealism.screensaver.Tests;
				PRODUCT_NAME = "$(TARGET_NAME)";
				SDKROOT = macosx;
				SWIFT_EMIT_LOC_STRINGS = NO;
				SWIFT_VERSION = 5.0;
				TEST_HOST = "$(BUILT_PRODUCTS_DIR)/Surrealism.app/Contents/MacOS/Surrealism";
			};
			name = Debug;
		};
/* End XCBuildConfiguration section */

/* Begin XCConfigurationList section */
		07090A1BDFF6AA19E1A1684A /* Build configuration list for PBXNativeTarget "AppexSaverMinimalTests" */ = {
			isa = XCConfigurationList;
			buildConfigurations = (
				3E59FFF925A5AEBF3CC81939 /* Release */,
				432D48B3D7FEED26075F934A /* Debug */,
			);
			defaultConfigurationIsVisible = 0;
			defaultConfigurationName = Release;
		};
		1A00001B000000000000000A /* Build configuration list for PBXNativeTarget "AppexSaverMinimal" */ = {
			isa = XCConfigurationList;
			buildConfigurations = (
				1A000025000000000000000A /* Debug */,
				1A000026000000000000000A /* Release */,
			);
			defaultConfigurationIsVisible = 0;
			defaultConfigurationName = Release;
		};
		1A00001F000000000000000A /* Build configuration list for PBXNativeTarget "AppexSaverMinimalExtension" */ = {
			isa = XCConfigurationList;
			buildConfigurations = (
				1A000027000000000000000A /* Debug */,
				1A000028000000000000000A /* Release */,
			);
			defaultConfigurationIsVisible = 0;
			defaultConfigurationName = Release;
		};
		1A000022000000000000000A /* Build configuration list for PBXProject "AppexSaverMinimal" */ = {
			isa = XCConfigurationList;
			buildConfigurations = (
				1A000023000000000000000A /* Debug */,
				1A000024000000000000000A /* Release */,
			);
			defaultConfigurationIsVisible = 0;
			defaultConfigurationName = Release;
		};
/* End XCConfigurationList section */

/* Begin XCRemoteSwiftPackageReference section */
		1A000071000000000000000A /* XCRemoteSwiftPackageReference "PaperSaver" */ = {
			isa = XCRemoteSwiftPackageReference;
			repositoryURL = "https://github.com/AerialScreensaver/PaperSaver.git";
			requirement = {
				kind = exactVersion;
				version = 0.2.0;
			};
		};
/* End XCRemoteSwiftPackageReference section */

/* Begin XCSwiftPackageProductDependency section */
		1A000070000000000000000B /* PaperSaverKit */ = {
			isa = XCSwiftPackageProductDependency;
			package = 1A000071000000000000000A /* XCRemoteSwiftPackageReference "PaperSaver" */;
			productName = PaperSaverKit;
		};
/* End XCSwiftPackageProductDependency section */
	};
	rootObject = 1A000000000000000000000A /* Project object */;
}
